
Microsoft Visual Studio Solution File, Format Version 12.00
# Visual Studio Version 17
VisualStudioVersion = 17.14.36616.10 d17.14
MinimumVisualStudioVersion = 10.0.40219.1
Project("{FAE04EC0-301F-11D3-BF4B-00C04F79EFBC}") = "SmartLogReader", "SmartLogReader\SmartLogReader.csproj", "{8FAD79DF-97FB-47B8-95EB-B6185C7FFFB8}"
EndProject
Project("{FAE04EC0-301F-11D3-BF4B-00C04F79EFBC}") = "SmartLogReader.Common", "SmartLogReader.Common\SmartLogReader.Common.csproj", "{7FA744A3-3085-417E-8E95-FE9128799D38}"
EndProject
Global
	GlobalSection(SolutionConfigurationPlatforms) = preSolution
		Debug|Any CPU = Debug|Any CPU
		Release|Any CPU = Release|Any CPU
	EndGlobalSection
	GlobalSection(ProjectConfigurationPlatforms) = postSolution
		{8FAD79DF-97FB-47B8-95EB-B6185C7FFFB8}.Debug|Any CPU.ActiveCfg = Debug|Any CPU
		{8FAD79DF-97FB-47B8-95EB-B6185C7FFFB8}.Debug|Any CPU.Build.0 = Debug|Any CPU
		{8FAD79DF-97FB-47B8-95EB-B6185C7FFFB8}.Release|Any CPU.ActiveCfg = Release|Any CPU
		{8FAD79DF-97FB-47B8-95EB-B6185C7FFFB8}.Release|Any CPU.Build.0 = Release|Any CPU
		{7FA744A3-3085-417E-8E95-FE9128799D38}.Debug|Any CPU.ActiveCfg = Debug|Any CPU
		{7FA744A3-3085-417E-8E95-FE9128799D38}.Debug|Any CPU.Build.0 = Debug|Any CPU
		{7FA744A3-3085-417E-8E95-FE9128799D38}.Release|Any CPU.ActiveCfg = Release|Any CPU
		{7FA744A3-3085-417E-8E95-FE9128799D38}.Release|Any CPU.Build.0 = Release|Any CPU
	EndGlobalSection
	GlobalSection(SolutionProperties) = preSolution
		HideSolutionNode = FALSE
	EndGlobalSection
	GlobalSection(ExtensibilityGlobals) = postSolution
		SolutionGuid = {3CA97442-40BE-4A8E-8CDD-064C4B5923D3}
	EndGlobalSection
EndGlobal
